{
  "name": "es-gui",
  "version": "0.0.0",
  "dependencies": {
    "@types/bluebird": {
      "version": "3.5.1",
      "from": "@types/bluebird@*",
      "resolved": "https://registry.npmjs.org/@types/bluebird/-/bluebird-3.5.1.tgz"
    },
    "@types/bluebird-global": {
      "version": "3.5.1",
      "from": "@types/bluebird-global@>=3.0.1 <4.0.0",
      "resolved": "https://registry.npmjs.org/@types/bluebird-global/-/bluebird-global-3.5.1.tgz"
    },
    "@types/classnames": {
      "version": "0.0.32",
      "from": "@types/classnames@>=0.0.32 <0.0.33",
      "resolved": "https://registry.npmjs.org/@types/classnames/-/classnames-0.0.32.tgz"
    },
    "@types/es6-shim": {
      "version": "0.31.32",
      "from": "@types/es6-shim@>=0.31.32 <0.32.0",
      "resolved": "https://registry.npmjs.org/@types/es6-shim/-/es6-shim-0.31.32.tgz"
    },
    "@types/lodash": {
      "version": "4.14.55",
      "from": "@types/lodash@>=4.14.50 <5.0.0",
      "resolved": "https://registry.npmjs.org/@types/lodash/-/lodash-4.14.55.tgz"
    },
    "@types/react": {
      "version": "15.0.18",
      "from": "@types/react@>=15.0.18 <16.0.0",
      "resolved": "https://registry.npmjs.org/@types/react/-/react-15.0.18.tgz"
    },
    "@types/react-dom": {
      "version": "0.14.23",
      "from": "@types/react-dom@>=0.14.23 <0.15.0",
      "resolved": "https://registry.npmjs.org/@types/react-dom/-/react-dom-0.14.23.tgz"
    },
    "@types/whatwg-fetch": {
      "version": "0.0.33",
      "from": "@types/whatwg-fetch@0.0.33",
      "resolved": "https://registry.npmjs.org/@types/whatwg-fetch/-/whatwg-fetch-0.0.33.tgz"
    },
    "@types/whatwg-streams": {
      "version": "0.0.2",
      "from": "@types/whatwg-streams@*",
      "resolved": "https://registry.npmjs.org/@types/whatwg-streams/-/whatwg-streams-0.0.2.tgz"
    },
    "asap": {
      "version": "2.0.5",
      "from": "asap@>=2.0.3 <2.1.0",
      "resolved": "https://registry.npmjs.org/asap/-/asap-2.0.5.tgz"
    },
    "bluebird": {
      "version": "3.5.0",
      "from": "bluebird@>=3.4.7 <4.0.0",
      "resolved": "https://registry.npmjs.org/bluebird/-/bluebird-3.5.0.tgz"
    },
    "classnames": {
      "version": "2.2.5",
      "from": "classnames@>=2.2.5 <3.0.0",
      "resolved": "https://registry.npmjs.org/classnames/-/classnames-2.2.5.tgz"
    },
    "core-js": {
      "version": "1.2.7",
      "from": "core-js@>=1.0.0 <2.0.0",
      "resolved": "https://registry.npmjs.org/core-js/-/core-js-1.2.7.tgz"
    },
    "encoding": {
      "version": "0.1.12",
      "from": "encoding@>=0.1.11 <0.2.0",
      "resolved": "https://registry.npmjs.org/encoding/-/encoding-0.1.12.tgz"
    },
    "es5-shim": {
      "version": "4.5.9",
      "from": "es5-shim@>=4.5.9 <5.0.0",
      "resolved": "https://registry.npmjs.org/es5-shim/-/es5-shim-4.5.9.tgz"
    },
    "es6-shim": {
      "version": "0.35.3",
      "from": "es6-shim@>=0.35.3 <0.36.0",
      "resolved": "https://registry.npmjs.org/es6-shim/-/es6-shim-0.35.3.tgz"
    },
    "fbjs": {
      "version": "0.8.11",
      "from": "fbjs@>=0.8.4 <0.9.0",
      "resolved": "https://registry.npmjs.org/fbjs/-/fbjs-0.8.11.tgz"
    },
    "hoist-non-react-statics": {
      "version": "1.2.0",
      "from": "hoist-non-react-statics@>=1.2.0 <2.0.0",
      "resolved": "https://registry.npmjs.org/hoist-non-react-statics/-/hoist-non-react-statics-1.2.0.tgz"
    },
    "iconv-lite": {
      "version": "0.4.15",
      "from": "iconv-lite@>=0.4.13 <0.5.0",
      "resolved": "https://registry.npmjs.org/iconv-lite/-/iconv-lite-0.4.15.tgz"
    },
    "is-stream": {
      "version": "1.1.0",
      "from": "is-stream@>=1.0.1 <2.0.0",
      "resolved": "https://registry.npmjs.org/is-stream/-/is-stream-1.1.0.tgz"
    },
    "isomorphic-fetch": {
      "version": "2.2.1",
      "from": "isomorphic-fetch@>=2.1.1 <3.0.0",
      "resolved": "https://registry.npmjs.org/isomorphic-fetch/-/isomorphic-fetch-2.2.1.tgz"
    },
    "js-tokens": {
      "version": "3.0.1",
      "from": "js-tokens@>=3.0.0 <4.0.0",
      "resolved": "https://registry.npmjs.org/js-tokens/-/js-tokens-3.0.1.tgz"
    },
    "lodash": {
      "version": "4.17.4",
      "from": "lodash@>=4.3.0 <5.0.0",
      "resolved": "https://registry.npmjs.org/lodash/-/lodash-4.17.4.tgz"
    },
    "loose-envify": {
      "version": "1.3.1",
      "from": "loose-envify@>=1.1.0 <2.0.0",
      "resolved": "https://registry.npmjs.org/loose-envify/-/loose-envify-1.3.1.tgz"
    },
    "mobx": {
      "version": "3.1.7",
      "from": "mobx@latest",
      "resolved": "https://registry.npmjs.org/mobx/-/mobx-3.1.7.tgz"
    },
    "mobx-react": {
      "version": "4.1.3",
      "from": "mobx-react@latest",
      "resolved": "https://registry.npmjs.org/mobx-react/-/mobx-react-4.1.3.tgz"
    },
    "moment": {
      "version": "2.18.1",
      "from": "moment@>=2.17.1 <3.0.0",
      "resolved": "https://registry.npmjs.org/moment/-/moment-2.18.1.tgz"
    },
    "node-fetch": {
      "version": "1.6.3",
      "from": "node-fetch@>=1.0.1 <2.0.0",
      "resolved": "https://registry.npmjs.org/node-fetch/-/node-fetch-1.6.3.tgz"
    },
    "normalize.css": {
      "version": "5.0.0",
      "from": "normalize.css@>=5.0.0 <6.0.0",
      "resolved": "https://registry.npmjs.org/normalize.css/-/normalize.css-5.0.0.tgz"
    },
    "object-assign": {
      "version": "4.1.1",
      "from": "object-assign@>=4.1.0 <5.0.0",
      "resolved": "https://registry.npmjs.org/object-assign/-/object-assign-4.1.1.tgz"
    },
    "promise": {
      "version": "7.1.1",
      "from": "promise@>=7.1.1 <8.0.0",
      "resolved": "https://registry.npmjs.org/promise/-/promise-7.1.1.tgz"
    },
    "react": {
      "version": "15.4.2",
      "from": "react@>=15.4.2 <16.0.0",
      "resolved": "https://registry.npmjs.org/react/-/react-15.4.2.tgz"
    },
    "react-dom": {
      "version": "15.4.2",
      "from": "react-dom@>=15.4.2 <16.0.0",
      "resolved": "https://registry.npmjs.org/react-dom/-/react-dom-15.4.2.tgz"
    },
    "setimmediate": {
      "version": "1.0.5",
      "from": "setimmediate@>=1.0.5 <2.0.0",
      "resolved": "https://registry.npmjs.org/setimmediate/-/setimmediate-1.0.5.tgz"
    },
    "ua-parser-js": {
      "version": "0.7.12",
      "from": "ua-parser-js@>=0.7.9 <0.8.0",
      "resolved": "https://registry.npmjs.org/ua-parser-js/-/ua-parser-js-0.7.12.tgz"
    },
    "whatwg-fetch": {
      "version": "2.0.3",
      "from": "whatwg-fetch@>=2.0.1 <3.0.0",
      "resolved": "https://registry.npmjs.org/whatwg-fetch/-/whatwg-fetch-2.0.3.tgz"
    }
  }
}
